
Microsoft Visual Studio Solution File, Format Version 12.00
# Visual Studio Version 17
VisualStudioVersion = 17.8.34330.188
MinimumVisualStudioVersion = 10.0.40219.1
Project("{FAE04EC0-301F-11D3-BF4B-00C04F79EFBC}") = "odev2", "odev2\odev2.csproj", "{99509670-09AE-4B7D-9641-7273D47B11BC}"
EndProject
Global
	GlobalSection(SolutionConfigurationPlatforms) = preSolution
		Debug|Any CPU = Debug|Any CPU
		Release|Any CPU = Release|Any CPU
	EndGlobalSection
	GlobalSection(ProjectConfigurationPlatforms) = postSolution
		{99509670-09AE-4B7D-9641-7273D47B11BC}.Debug|Any CPU.ActiveCfg = Debug|Any CPU
		{99509670-09AE-4B7D-9641-7273D47B11BC}.Debug|Any CPU.Build.0 = Debug|Any CPU
		{99509670-09AE-4B7D-9641-7273D47B11BC}.Release|Any CPU.ActiveCfg = Release|Any CPU
		{99509670-09AE-4B7D-9641-7273D47B11BC}.Release|Any CPU.Build.0 = Release|Any CPU
	EndGlobalSection
	GlobalSection(SolutionProperties) = preSolution
		HideSolutionNode = FALSE
	EndGlobalSection
	GlobalSection(ExtensibilityGlobals) = postSolution
		SolutionGuid = {482AECF8-8A99-4313-B16F-8AEB9CF59AE1}
	EndGlobalSection
EndGlobal
